// !$*UTF8*$!
{
	archiveVersion = 1;
	classes = {
	};
	objectVersion = 55;
	objects = {

/* Begin PBXBuildFile section */
		379170BC298FB07D00344BA5 /* DropDown.framework in Frameworks */ = {isa = PBXBuildFile; fileRef = 379170BB298FAFC800344BA5 /* DropDown.framework */; };
		379170BD298FB07D00344BA5 /* DropDown.framework in Embed Frameworks */ = {isa = PBXBuildFile; fileRef = 379170BB298FAFC800344BA5 /* DropDown.framework */; settings = {ATTRIBUTES = (CodeSignOnCopy, RemoveHeadersOnCopy, ); }; };
		3FB3EFE42980701A00DFC224 /* AppDelegate.swift in Sources */ = {isa = PBXBuildFile; fileRef = 3FB3EFE32980701A00DFC224 /* AppDelegate.swift */; };
		3FB3EFE62980701A00DFC224 /* SceneDelegate.swift in Sources */ = {isa = PBXBuildFile; fileRef = 3FB3EFE52980701A00DFC224 /* SceneDelegate.swift */; };
		3FB3EFE82980701A00DFC224 /* ViewController.swift in Sources */ = {isa = PBXBuildFile; fileRef = 3FB3EFE72980701A00DFC224 /* ViewController.swift */; };
		3FB3EFEB2980701A00DFC224 /* Main.storyboard in Resources */ = {isa = PBXBuildFile; fileRef = 3FB3EFE92980701A00DFC224 /* Main.storyboard */; };
		3FB3EFED2980701B00DFC224 /* Assets.xcassets in Resources */ = {isa = PBXBuildFile; fileRef = 3FB3EFEC2980701B00DFC224 /* Assets.xcassets */; };
		3FB3EFF02980701B00DFC224 /* LaunchScreen.storyboard in Resources */ = {isa = PBXBuildFile; fileRef = 3FB3EFEE2980701B00DFC224 /* LaunchScreen.storyboard */; };
		3FB3EFFB2980701B00DFC224 /* IHSAproject_iosteamTests.swift in Sources */ = {isa = PBXBuildFile; fileRef = 3FB3EFFA2980701B00DFC224 /* IHSAproject_iosteamTests.swift */; };
		3FB3F0052980701B00DFC224 /* IHSAproject_iosteamUITests.swift in Sources */ = {isa = PBXBuildFile; fileRef = 3FB3F0042980701B00DFC224 /* IHSAproject_iosteamUITests.swift */; };
		3FB3F0072980701B00DFC224 /* IHSAproject_iosteamUITestsLaunchTests.swift in Sources */ = {isa = PBXBuildFile; fileRef = 3FB3F0062980701B00DFC224 /* IHSAproject_iosteamUITestsLaunchTests.swift */; };
/* End PBXBuildFile section */

/* Begin PBXContainerItemProxy section */
		379170B6298FAFC800344BA5 /* PBXContainerItemProxy */ = {
			isa = PBXContainerItemProxy;
			containerPortal = 379170B0298FAFC800344BA5 /* DropDown.xcodeproj */;
			proxyType = 2;
			remoteGlobalIDString = 0A76440F1B676C2300BF1A2D;
			remoteInfo = Demo;
		};
		379170B8298FAFC800344BA5 /* PBXContainerItemProxy */ = {
			isa = PBXContainerItemProxy;
			containerPortal = 379170B0298FAFC800344BA5 /* DropDown.xcodeproj */;
			proxyType = 2;
			remoteGlobalIDString = 0A7644241B676C2300BF1A2D;
			remoteInfo = DropDownTests;
		};
		379170BA298FAFC800344BA5 /* PBXContainerItemProxy */ = {
			isa = PBXContainerItemProxy;
			containerPortal = 379170B0298FAFC800344BA5 /* DropDown.xcodeproj */;
			proxyType = 2;
			remoteGlobalIDString = 0AB5D8711D0EEECD002D3A17;
			remoteInfo = DropDown;
		};
		3FB3EFF72980701B00DFC224 /* PBXContainerItemProxy */ = {
			isa = PBXContainerItemProxy;
			containerPortal = 3FB3EFD82980701A00DFC224 /* Project object */;
			proxyType = 1;
			remoteGlobalIDString = 3FB3EFDF2980701A00DFC224;
			remoteInfo = "IHSAproject-iosteam";
		};
		3FB3F0012980701B00DFC224 /* PBXContainerItemProxy */ = {
			isa = PBXContainerItemProxy;
			containerPortal = 3FB3EFD82980701A00DFC224 /* Project object */;
			proxyType = 1;
			remoteGlobalIDString = 3FB3EFDF2980701A00DFC224;
			remoteInfo = "IHSAproject-iosteam";
		};
/* End PBXContainerItemProxy section */

/* Begin PBXCopyFilesBuildPhase section */
		379170AE298FA20500344BA5 /* Embed Frameworks */ = {
			isa = PBXCopyFilesBuildPhase;
			buildActionMask = 2147483647;
			dstPath = "";
			dstSubfolderSpec = 10;
			files = (
				379170BD298FB07D00344BA5 /* DropDown.framework in Embed Frameworks */,
			);
			name = "Embed Frameworks";
			runOnlyForDeploymentPostprocessing = 0;
		};
/* End PBXCopyFilesBuildPhase section */

/* Begin PBXFileReference section */
		379170B0298FAFC800344BA5 /* DropDown.xcodeproj */ = {isa = PBXFileReference; lastKnownFileType = "wrapper.pb-project"; name = DropDown.xcodeproj; path = "../../../Downloads/DropDown-master/DropDown.xcodeproj"; sourceTree = "<group>"; };
		379170BE298FB07D00344BA5 /* IHSAproject-iosteam.app */ = {isa = PBXFileReference; explicitFileType = wrapper.application; includeInIndex = 0; path = "IHSAproject-iosteam.app"; sourceTree = BUILT_PRODUCTS_DIR; };
		3FB3EFE32980701A00DFC224 /* AppDelegate.swift */ = {isa = PBXFileReference; lastKnownFileType = sourcecode.swift; path = AppDelegate.swift; sourceTree = "<group>"; };
		3FB3EFE52980701A00DFC224 /* SceneDelegate.swift */ = {isa = PBXFileReference; lastKnownFileType = sourcecode.swift; path = SceneDelegate.swift; sourceTree = "<group>"; };
		3FB3EFE72980701A00DFC224 /* ViewController.swift */ = {isa = PBXFileReference; lastKnownFileType = sourcecode.swift; path = ViewController.swift; sourceTree = "<group>"; };
		3FB3EFEA2980701A00DFC224 /* Base */ = {isa = PBXFileReference; lastKnownFileType = file.storyboard; name = Base; path = Base.lproj/Main.storyboard; sourceTree = "<group>"; };
		3FB3EFEC2980701B00DFC224 /* Assets.xcassets */ = {isa = PBXFileReference; lastKnownFileType = folder.assetcatalog; path = Assets.xcassets; sourceTree = "<group>"; };
		3FB3EFEF2980701B00DFC224 /* Base */ = {isa = PBXFileReference; lastKnownFileType = file.storyboard; name = Base; path = Base.lproj/LaunchScreen.storyboard; sourceTree = "<group>"; };
		3FB3EFF12980701B00DFC224 /* Info.plist */ = {isa = PBXFileReference; lastKnownFileType = text.plist.xml; path = Info.plist; sourceTree = "<group>"; };
		3FB3EFF62980701B00DFC224 /* IHSAproject-iosteamTests.xctest */ = {isa = PBXFileReference; explicitFileType = wrapper.cfbundle; includeInIndex = 0; name = "IHSAproject-iosteamTests.xctest"; path = "/Users/s532534/Documents/GitHub/ISHAINCIOS/build/Debug-iphoneos/IHSAproject-iosteamTests.xctest"; sourceTree = "<absolute>"; };
		3FB3EFFA2980701B00DFC224 /* IHSAproject_iosteamTests.swift */ = {isa = PBXFileReference; lastKnownFileType = sourcecode.swift; path = IHSAproject_iosteamTests.swift; sourceTree = "<group>"; };
		3FB3F0002980701B00DFC224 /* IHSAproject-iosteamUITests.xctest */ = {isa = PBXFileReference; explicitFileType = wrapper.cfbundle; includeInIndex = 0; name = "IHSAproject-iosteamUITests.xctest"; path = "/Users/s532534/Documents/GitHub/ISHAINCIOS/build/Debug-iphoneos/IHSAproject-iosteamUITests.xctest"; sourceTree = "<absolute>"; };
		3FB3F0042980701B00DFC224 /* IHSAproject_iosteamUITests.swift */ = {isa = PBXFileReference; lastKnownFileType = sourcecode.swift; path = IHSAproject_iosteamUITests.swift; sourceTree = "<group>"; };
		3FB3F0062980701B00DFC224 /* IHSAproject_iosteamUITestsLaunchTests.swift */ = {isa = PBXFileReference; lastKnownFileType = sourcecode.swift; path = IHSAproject_iosteamUITestsLaunchTests.swift; sourceTree = "<group>"; };
/* End PBXFileReference section */

/* Begin PBXFrameworksBuildPhase section */
		3FB3EFDD2980701A00DFC224 /* Frameworks */ = {
			isa = PBXFrameworksBuildPhase;
			buildActionMask = 2147483647;
			files = (
				379170BC298FB07D00344BA5 /* DropDown.framework in Frameworks */,
			);
			runOnlyForDeploymentPostprocessing = 0;
		};
		3FB3EFF32980701B00DFC224 /* Frameworks */ = {
			isa = PBXFrameworksBuildPhase;
			buildActionMask = 2147483647;
			files = (
			);
			runOnlyForDeploymentPostprocessing = 0;
		};
		3FB3EFFD2980701B00DFC224 /* Frameworks */ = {
			isa = PBXFrameworksBuildPhase;
			buildActionMask = 2147483647;
			files = (
			);
			runOnlyForDeploymentPostprocessing = 0;
		};
/* End PBXFrameworksBuildPhase section */

/* Begin PBXGroup section */
		37917093298FA04200344BA5 /* Frameworks */ = {
			isa = PBXGroup;
			children = (
			);
			name = Frameworks;
			sourceTree = "<group>";
		};
		379170B1298FAFC800344BA5 /* Products */ = {
			isa = PBXGroup;
			children = (
				379170B7298FAFC800344BA5 /* Demo.app */,
				379170B9298FAFC800344BA5 /* DropDownTests.xctest */,
				379170BB298FAFC800344BA5 /* DropDown.framework */,
			);
			name = Products;
			sourceTree = "<group>";
		};
		3FB3EFD72980701A00DFC224 = {
			isa = PBXGroup;
			children = (
				379170B0298FAFC800344BA5 /* DropDown.xcodeproj */,
				3FB3EFE22980701A00DFC224 /* IHSAproject-iosteam */,
				3FB3EFF92980701B00DFC224 /* IHSAproject-iosteamTests */,
				3FB3F0032980701B00DFC224 /* IHSAproject-iosteamUITests */,
				37917093298FA04200344BA5 /* Frameworks */,
				379170BE298FB07D00344BA5 /* IHSAproject-iosteam.app */,
			);
			sourceTree = "<group>";
		};
		3FB3EFE22980701A00DFC224 /* IHSAproject-iosteam */ = {
			isa = PBXGroup;
			children = (
				3FB3EFE32980701A00DFC224 /* AppDelegate.swift */,
				3FB3EFE52980701A00DFC224 /* SceneDelegate.swift */,
				3FB3EFE72980701A00DFC224 /* ViewController.swift */,
				3FB3EFE92980701A00DFC224 /* Main.storyboard */,
				3FB3EFEC2980701B00DFC224 /* Assets.xcassets */,
				3FB3EFEE2980701B00DFC224 /* LaunchScreen.storyboard */,
				3FB3EFF12980701B00DFC224 /* Info.plist */,
			);
			path = "IHSAproject-iosteam";
			sourceTree = "<group>";
		};
		3FB3EFF92980701B00DFC224 /* IHSAproject-iosteamTests */ = {
			isa = PBXGroup;
			children = (
				3FB3EFFA2980701B00DFC224 /* IHSAproject_iosteamTests.swift */,
			);
			path = "IHSAproject-iosteamTests";
			sourceTree = "<group>";
		};
		3FB3F0032980701B00DFC224 /* IHSAproject-iosteamUITests */ = {
			isa = PBXGroup;
			children = (
				3FB3F0042980701B00DFC224 /* IHSAproject_iosteamUITests.swift */,
				3FB3F0062980701B00DFC224 /* IHSAproject_iosteamUITestsLaunchTests.swift */,
			);
			path = "IHSAproject-iosteamUITests";
			sourceTree = "<group>";
		};
/* End PBXGroup section */

/* Begin PBXNativeTarget section */
		3FB3EFDF2980701A00DFC224 /* IHSAproject-iosteam */ = {
			isa = PBXNativeTarget;
			buildConfigurationList = 3FB3F00A2980701B00DFC224 /* Build configuration list for PBXNativeTarget "IHSAproject-iosteam" */;
			buildPhases = (
				3FB3EFDC2980701A00DFC224 /* Sources */,
				3FB3EFDD2980701A00DFC224 /* Frameworks */,
				3FB3EFDE2980701A00DFC224 /* Resources */,
				379170AE298FA20500344BA5 /* Embed Frameworks */,
			);
			buildRules = (
			);
			dependencies = (
			);
			name = "IHSAproject-iosteam";
			productName = "IHSAproject-iosteam";
			productReference = 379170BE298FB07D00344BA5 /* IHSAproject-iosteam.app */;
			productType = "com.apple.product-type.application";
		};
		3FB3EFF52980701B00DFC224 /* IHSAproject-iosteamTests */ = {
			isa = PBXNativeTarget;
			buildConfigurationList = 3FB3F00D2980701B00DFC224 /* Build configuration list for PBXNativeTarget "IHSAproject-iosteamTests" */;
			buildPhases = (
				3FB3EFF22980701B00DFC224 /* Sources */,
				3FB3EFF32980701B00DFC224 /* Frameworks */,
				3FB3EFF42980701B00DFC224 /* Resources */,
			);
			buildRules = (
			);
			dependencies = (
				3FB3EFF82980701B00DFC224 /* PBXTargetDependency */,
			);
			name = "IHSAproject-iosteamTests";
			productName = "IHSAproject-iosteamTests";
			productReference = 3FB3EFF62980701B00DFC224 /* IHSAproject-iosteamTests.xctest */;
			productType = "com.apple.product-type.bundle.unit-test";
		};
		3FB3EFFF2980701B00DFC224 /* IHSAproject-iosteamUITests */ = {
			isa = PBXNativeTarget;
			buildConfigurationList = 3FB3F0102980701B00DFC224 /* Build configuration list for PBXNativeTarget "IHSAproject-iosteamUITests" */;
			buildPhases = (
				3FB3EFFC2980701B00DFC224 /* Sources */,
				3FB3EFFD2980701B00DFC224 /* Frameworks */,
				3FB3EFFE2980701B00DFC224 /* Resources */,
			);
			buildRules = (
			);
			dependencies = (
				3FB3F0022980701B00DFC224 /* PBXTargetDependency */,
			);
			name = "IHSAproject-iosteamUITests";
			productName = "IHSAproject-iosteamUITests";
			productReference = 3FB3F0002980701B00DFC224 /* IHSAproject-iosteamUITests.xctest */;
			productType = "com.apple.product-type.bundle.ui-testing";
		};
/* End PBXNativeTarget section */

/* Begin PBXProject section */
		3FB3EFD82980701A00DFC224 /* Project object */ = {
			isa = PBXProject;
			attributes = {
				BuildIndependentTargetsInParallel = 1;
				LastSwiftUpdateCheck = 1340;
				LastUpgradeCheck = 1340;
				TargetAttributes = {
					3FB3EFDF2980701A00DFC224 = {
						CreatedOnToolsVersion = 13.4.1;
					};
					3FB3EFF52980701B00DFC224 = {
						CreatedOnToolsVersion = 13.4.1;
						TestTargetID = 3FB3EFDF2980701A00DFC224;
					};
					3FB3EFFF2980701B00DFC224 = {
						CreatedOnToolsVersion = 13.4.1;
						TestTargetID = 3FB3EFDF2980701A00DFC224;
					};
				};
			};
			buildConfigurationList = 3FB3EFDB2980701A00DFC224 /* Build configuration list for PBXProject "IHSAproject-iosteam" */;
			compatibilityVersion = "Xcode 13.0";
			developmentRegion = en;
			hasScannedForEncodings = 0;
			knownRegions = (
				en,
				Base,
			);
			mainGroup = 3FB3EFD72980701A00DFC224;
			productRefGroup = 3FB3EFD72980701A00DFC224;
			projectDirPath = "";
			projectReferences = (
				{
					ProductGroup = 379170B1298FAFC800344BA5 /* Products */;
					ProjectRef = 379170B0298FAFC800344BA5 /* DropDown.xcodeproj */;
				},
			);
			projectRoot = "";
			targets = (
				3FB3EFDF2980701A00DFC224 /* IHSAproject-iosteam */,
				3FB3EFF52980701B00DFC224 /* IHSAproject-iosteamTests */,
				3FB3EFFF2980701B00DFC224 /* IHSAproject-iosteamUITests */,
			);
		};
/* End PBXProject section */

/* Begin PBXReferenceProxy section */
		379170B7298FAFC800344BA5 /* Demo.app */ = {
			isa = PBXReferenceProxy;
			fileType = wrapper.application;
			path = Demo.app;
			remoteRef = 379170B6298FAFC800344BA5 /* PBXContainerItemProxy */;
			sourceTree = BUILT_PRODUCTS_DIR;
		};
		379170B9298FAFC800344BA5 /* DropDownTests.xctest */ = {
			isa = PBXReferenceProxy;
			fileType = wrapper.cfbundle;
			path = DropDownTests.xctest;
			remoteRef = 379170B8298FAFC800344BA5 /* PBXContainerItemProxy */;
			sourceTree = BUILT_PRODUCTS_DIR;
		};
		379170BB298FAFC800344BA5 /* DropDown.framework */ = {
			isa = PBXReferenceProxy;
			fileType = wrapper.framework;
			path = DropDown.framework;
			remoteRef = 379170BA298FAFC800344BA5 /* PBXContainerItemProxy */;
			sourceTree = BUILT_PRODUCTS_DIR;
		};
/* End PBXReferenceProxy section */

/* Begin PBXResourcesBuildPhase section */
		3FB3EFDE2980701A00DFC224 /* Resources */ = {
			isa = PBXResourcesBuildPhase;
			buildActionMask = 2147483647;
			files = (
				3FB3EFF02980701B00DFC224 /* LaunchScreen.storyboard in Resources */,
				3FB3EFED2980701B00DFC224 /* Assets.xcassets in Resources */,
				3FB3EFEB2980701A00DFC224 /* Main.storyboard in Resources */,
			);
			runOnlyForDeploymentPostprocessing = 0;
		};
		3FB3EFF42980701B00DFC224 /* Resources */ = {
			isa = PBXResourcesBuildPhase;
			buildActionMask = 2147483647;
			files = (
			);
			runOnlyForDeploymentPostprocessing = 0;
		};
		3FB3EFFE2980701B00DFC224 /* Resources */ = {
			isa = PBXResourcesBuildPhase;
			buildActionMask = 2147483647;
			files = (
			);
			runOnlyForDeploymentPostprocessing = 0;
		};
/* End PBXResourcesBuildPhase section */

/* Begin PBXSourcesBuildPhase section */
		3FB3EFDC2980701A00DFC224 /* Sources */ = {
			isa = PBXSourcesBuildPhase;
			buildActionMask = 2147483647;
			files = (
				3FB3EFE82980701A00DFC224 /* ViewController.swift in Sources */,
				3FB3EFE42980701A00DFC224 /* AppDelegate.swift in Sources */,
				3FB3EFE62980701A00DFC224 /* SceneDelegate.swift in Sources */,
			);
			runOnlyForDeploymentPostprocessing = 0;
		};
		3FB3EFF22980701B00DFC224 /* Sources */ = {
			isa = PBXSourcesBuildPhase;
			buildActionMask = 2147483647;
			files = (
				3FB3EFFB2980701B00DFC224 /* IHSAproject_iosteamTests.swift in Sources */,
			);
			runOnlyForDeploymentPostprocessing = 0;
		};
		3FB3EFFC2980701B00DFC224 /* Sources */ = {
			isa = PBXSourcesBuildPhase;
			buildActionMask = 2147483647;
			files = (
				3FB3F0072980701B00DFC224 /* IHSAproject_iosteamUITestsLaunchTests.swift in Sources */,
				3FB3F0052980701B00DFC224 /* IHSAproject_iosteamUITests.swift in Sources */,
			);
			runOnlyForDeploymentPostprocessing = 0;
		};
/* End PBXSourcesBuildPhase section */

/* Begin PBXTargetDependency section */
		3FB3EFF82980701B00DFC224 /* PBXTargetDependency */ = {
			isa = PBXTargetDependency;
			target = 3FB3EFDF2980701A00DFC224 /* IHSAproject-iosteam */;
			targetProxy = 3FB3EFF72980701B00DFC224 /* PBXContainerItemProxy */;
		};
		3FB3F0022980701B00DFC224 /* PBXTargetDependency */ = {
			isa = PBXTargetDependency;
			target = 3FB3EFDF2980701A00DFC224 /* IHSAproject-iosteam */;
			targetProxy = 3FB3F0012980701B00DFC224 /* PBXContainerItemProxy */;
		};
/* End PBXTargetDependency section */

/* Begin PBXVariantGroup section */
		3FB3EFE92980701A00DFC224 /* Main.storyboard */ = {
			isa = PBXVariantGroup;
			children = (
				3FB3EFEA2980701A00DFC224 /* Base */,
			);
			name = Main.storyboard;
			sourceTree = "<group>";
		};
		3FB3EFEE2980701B00DFC224 /* LaunchScreen.storyboard */ = {
			isa = PBXVariantGroup;
			children = (
				3FB3EFEF2980701B00DFC224 /* Base */,
			);
			name = LaunchScreen.storyboard;
			sourceTree = "<group>";
		};
/* End PBXVariantGroup section */

/* Begin XCBuildConfiguration section */
		3FB3F0082980701B00DFC224 /* Debug */ = {
			isa = XCBuildConfiguration;
			buildSettings = {
				ALWAYS_SEARCH_USER_PATHS = NO;
				CLANG_ANALYZER_NONNULL = YES;
				CLANG_ANALYZER_NUMBER_OBJECT_CONVERSION = YES_AGGRESSIVE;
				CLANG_CXX_LANGUAGE_STANDARD = "gnu++17";
				CLANG_ENABLE_MODULES = YES;
				CLANG_ENABLE_OBJC_ARC = YES;
				CLANG_ENABLE_OBJC_WEAK = YES;
				CLANG_WARN_BLOCK_CAPTURE_AUTORELEASING = YES;
				CLANG_WARN_BOOL_CONVERSION = YES;
				CLANG_WARN_COMMA = YES;
				CLANG_WARN_CONSTANT_CONVERSION = YES;
				CLANG_WARN_DEPRECATED_OBJC_IMPLEMENTATIONS = YES;
				CLANG_WARN_DIRECT_OBJC_ISA_USAGE = YES_ERROR;
				CLANG_WARN_DOCUMENTATION_COMMENTS = YES;
				CLANG_WARN_EMPTY_BODY = YES;
				CLANG_WARN_ENUM_CONVERSION = YES;
				CLANG_WARN_INFINITE_RECURSION = YES;
				CLANG_WARN_INT_CONVERSION = YES;
				CLANG_WARN_NON_LITERAL_NULL_CONVERSION = YES;
				CLANG_WARN_OBJC_IMPLICIT_RETAIN_SELF = YES;
				CLANG_WARN_OBJC_LITERAL_CONVERSION = YES;
				CLANG_WARN_OBJC_ROOT_CLASS = YES_ERROR;
				CLANG_WARN_QUOTED_INCLUDE_IN_FRAMEWORK_HEADER = YES;
				CLANG_WARN_RANGE_LOOP_ANALYSIS = YES;
				CLANG_WARN_STRICT_PROTOTYPES = YES;
				CLANG_WARN_SUSPICIOUS_MOVE = YES;
				CLANG_WARN_UNGUARDED_AVAILABILITY = YES_AGGRESSIVE;
				CLANG_WARN_UNREACHABLE_CODE = YES;
				CLANG_WARN__DUPLICATE_METHOD_MATCH = YES;
				COPY_PHASE_STRIP = NO;
				DEBUG_INFORMATION_FORMAT = dwarf;
				ENABLE_STRICT_OBJC_MSGSEND = YES;
				ENABLE_TESTABILITY = YES;
				GCC_C_LANGUAGE_STANDARD = gnu11;
				GCC_DYNAMIC_NO_PIC = NO;
				GCC_NO_COMMON_BLOCKS = YES;
				GCC_OPTIMIZATION_LEVEL = 0;
				GCC_PREPROCESSOR_DEFINITIONS = (
					"DEBUG=1",
					"$(inherited)",
				);
				GCC_WARN_64_TO_32_BIT_CONVERSION = YES;
				GCC_WARN_ABOUT_RETURN_TYPE = YES_ERROR;
				GCC_WARN_UNDECLARED_SELECTOR = YES;
				GCC_WARN_UNINITIALIZED_AUTOS = YES_AGGRESSIVE;
				GCC_WARN_UNUSED_FUNCTION = YES;
				GCC_WARN_UNUSED_VARIABLE = YES;
				IPHONEOS_DEPLOYMENT_TARGET = 15.5;
				MTL_ENABLE_DEBUG_INFO = INCLUDE_SOURCE;
				MTL_FAST_MATH = YES;
				ONLY_ACTIVE_ARCH = YES;
				SDKROOT = iphoneos;
				SWIFT_ACTIVE_COMPILATION_CONDITIONS = DEBUG;
				SWIFT_OPTIMIZATION_LEVEL = "-Onone";
			};
			name = Debug;
		};
		3FB3F0092980701B00DFC224 /* Release */ = {
			isa = XCBuildConfiguration;
			buildSettings = {
				ALWAYS_SEARCH_USER_PATHS = NO;
				CLANG_ANALYZER_NONNULL = YES;
				CLANG_ANALYZER_NUMBER_OBJECT_CONVERSION = YES_AGGRESSIVE;
				CLANG_CXX_LANGUAGE_STANDARD = "gnu++17";
				CLANG_ENABLE_MODULES = YES;
				CLANG_ENABLE_OBJC_ARC = YES;
				CLANG_ENABLE_OBJC_WEAK = YES;
				CLANG_WARN_BLOCK_CAPTURE_AUTORELEASING = YES;
				CLANG_WARN_BOOL_CONVERSION = YES;
				CLANG_WARN_COMMA = YES;
				CLANG_WARN_CONSTANT_CONVERSION = YES;
				CLANG_WARN_DEPRECATED_OBJC_IMPLEMENTATIONS = YES;
				CLANG_WARN_DIRECT_OBJC_ISA_USAGE = YES_ERROR;
				CLANG_WARN_DOCUMENTATION_COMMENTS = YES;
				CLANG_WARN_EMPTY_BODY = YES;
				CLANG_WARN_ENUM_CONVERSION = YES;
				CLANG_WARN_INFINITE_RECURSION = YES;
				CLANG_WARN_INT_CONVERSION = YES;
				CLANG_WARN_NON_LITERAL_NULL_CONVERSION = YES;
				CLANG_WARN_OBJC_IMPLICIT_RETAIN_SELF = YES;
				CLANG_WARN_OBJC_LITERAL_CONVERSION = YES;
				CLANG_WARN_OBJC_ROOT_CLASS = YES_ERROR;
				CLANG_WARN_QUOTED_INCLUDE_IN_FRAMEWORK_HEADER = YES;
				CLANG_WARN_RANGE_LOOP_ANALYSIS = YES;
				CLANG_WARN_STRICT_PROTOTYPES = YES;
				CLANG_WARN_SUSPICIOUS_MOVE = YES;
				CLANG_WARN_UNGUARDED_AVAILABILITY = YES_AGGRESSIVE;
				CLANG_WARN_UNREACHABLE_CODE = YES;
				CLANG_WARN__DUPLICATE_METHOD_MATCH = YES;
				COPY_PHASE_STRIP = NO;
				DEBUG_INFORMATION_FORMAT = "dwarf-with-dsym";
				ENABLE_NS_ASSERTIONS = NO;
				ENABLE_STRICT_OBJC_MSGSEND = YES;
				GCC_C_LANGUAGE_STANDARD = gnu11;
				GCC_NO_COMMON_BLOCKS = YES;
				GCC_WARN_64_TO_32_BIT_CONVERSION = YES;
				GCC_WARN_ABOUT_RETURN_TYPE = YES_ERROR;
				GCC_WARN_UNDECLARED_SELECTOR = YES;
				GCC_WARN_UNINITIALIZED_AUTOS = YES_AGGRESSIVE;
				GCC_WARN_UNUSED_FUNCTION = YES;
				GCC_WARN_UNUSED_VARIABLE = YES;
				IPHONEOS_DEPLOYMENT_TARGET = 15.5;
				MTL_ENABLE_DEBUG_INFO = NO;
				MTL_FAST_MATH = YES;
				SDKROOT = iphoneos;
				SWIFT_COMPILATION_MODE = wholemodule;
				SWIFT_OPTIMIZATION_LEVEL = "-O";
				VALIDATE_PRODUCT = YES;
			};
			name = Release;
		};
		3FB3F00B2980701B00DFC224 /* Debug */ = {
			isa = XCBuildConfiguration;
			buildSettings = {
				ASSETCATALOG_COMPILER_APPICON_NAME = AppIcon;
				ASSETCATALOG_COMPILER_GLOBAL_ACCENT_COLOR_NAME = AccentColor;
				CODE_SIGN_STYLE = Automatic;
				CURRENT_PROJECT_VERSION = 1;
				GENERATE_INFOPLIST_FILE = YES;
				INFOPLIST_FILE = "IHSAproject-iosteam/Info.plist";
				INFOPLIST_KEY_UIApplicationSupportsIndirectInputEvents = YES;
				INFOPLIST_KEY_UILaunchStoryboardName = LaunchScreen;
				INFOPLIST_KEY_UIMainStoryboardFile = Main;
				INFOPLIST_KEY_UISupportedInterfaceOrientations_iPad = "UIInterfaceOrientationPortrait UIInterfaceOrientationPortraitUpsideDown UIInterfaceOrientationLandscapeLeft UIInterfaceOrientationLandscapeRight";
				INFOPLIST_KEY_UISupportedInterfaceOrientations_iPhone = "UIInterfaceOrientationPortrait UIInterfaceOrientationLandscapeLeft UIInterfaceOrientationLandscapeRight";
				LD_RUNPATH_SEARCH_PATHS = (
					"$(inherited)",
					"@executable_path/Frameworks",
				);
				MARKETING_VERSION = 1.0;
				PRODUCT_BUNDLE_IDENTIFIER = "nwmsu.IHSAproject-iosteam";
				PRODUCT_NAME = "$(TARGET_NAME)";
				SWIFT_EMIT_LOC_STRINGS = YES;
				SWIFT_VERSION = 5.0;
				TARGETED_DEVICE_FAMILY = "1,2";
			};
			name = Debug;
		};
		3FB3F00C2980701B00DFC224 /* Release */ = {
			isa = XCBuildConfiguration;
			buildSettings = {
				ASSETCATALOG_COMPILER_APPICON_NAME = AppIcon;
				ASSETCATALOG_COMPILER_GLOBAL_ACCENT_COLOR_NAME = AccentColor;
				CODE_SIGN_STYLE = Automatic;
				CURRENT_PROJECT_VERSION = 1;
				GENERATE_INFOPLIST_FILE = YES;
				INFOPLIST_FILE = "IHSAproject-iosteam/Info.plist";
				INFOPLIST_KEY_UIApplicationSupportsIndirectInputEvents = YES;
				INFOPLIST_KEY_UILaunchStoryboardName = LaunchScreen;
				INFOPLIST_KEY_UIMainStoryboardFile = Main;
				INFOPLIST_KEY_UISupportedInterfaceOrientations_iPad = "UIInterfaceOrientationPortrait UIInterfaceOrientationPortraitUpsideDown UIInterfaceOrientationLandscapeLeft UIInterfaceOrientationLandscapeRight";
				INFOPLIST_KEY_UISupportedInterfaceOrientations_iPhone = "UIInterfaceOrientationPortrait UIInterfaceOrientationLandscapeLeft UIInterfaceOrientationLandscapeRight";
				LD_RUNPATH_SEARCH_PATHS = (
					"$(inherited)",
					"@executable_path/Frameworks",
				);
				MARKETING_VERSION = 1.0;
				PRODUCT_BUNDLE_IDENTIFIER = "nwmsu.IHSAproject-iosteam";
				PRODUCT_NAME = "$(TARGET_NAME)";
				SWIFT_EMIT_LOC_STRINGS = YES;
				SWIFT_VERSION = 5.0;
				TARGETED_DEVICE_FAMILY = "1,2";
			};
			name = Release;
		};
		3FB3F00E2980701B00DFC224 /* Debug */ = {
			isa = XCBuildConfiguration;
			buildSettings = {
				ALWAYS_EMBED_SWIFT_STANDARD_LIBRARIES = YES;
				BUNDLE_LOADER = "$(TEST_HOST)";
				CODE_SIGN_STYLE = Automatic;
				CURRENT_PROJECT_VERSION = 1;
				GENERATE_INFOPLIST_FILE = YES;
				IPHONEOS_DEPLOYMENT_TARGET = 15.5;
				MARKETING_VERSION = 1.0;
				PRODUCT_BUNDLE_IDENTIFIER = "nwmsu.IHSAproject-iosteamTests";
				PRODUCT_NAME = "$(TARGET_NAME)";
				SWIFT_EMIT_LOC_STRINGS = NO;
				SWIFT_VERSION = 5.0;
				TARGETED_DEVICE_FAMILY = "1,2";
				TEST_HOST = "$(BUILT_PRODUCTS_DIR)/IHSAproject-iosteam.app/IHSAproject-iosteam";
			};
			name = Debug;
		};
		3FB3F00F2980701B00DFC224 /* Release */ = {
			isa = XCBuildConfiguration;
			buildSettings = {
				ALWAYS_EMBED_SWIFT_STANDARD_LIBRARIES = YES;
				BUNDLE_LOADER = "$(TEST_HOST)";
				CODE_SIGN_STYLE = Automatic;
				CURRENT_PROJECT_VERSION = 1;
				GENERATE_INFOPLIST_FILE = YES;
				IPHONEOS_DEPLOYMENT_TARGET = 15.5;
				MARKETING_VERSION = 1.0;
				PRODUCT_BUNDLE_IDENTIFIER = "nwmsu.IHSAproject-iosteamTests";
				PRODUCT_NAME = "$(TARGET_NAME)";
				SWIFT_EMIT_LOC_STRINGS = NO;
				SWIFT_VERSION = 5.0;
				TARGETED_DEVICE_FAMILY = "1,2";
				TEST_HOST = "$(BUILT_PRODUCTS_DIR)/IHSAproject-iosteam.app/IHSAproject-iosteam";
			};
			name = Release;
		};
		3FB3F0112980701B00DFC224 /* Debug */ = {
			isa = XCBuildConfiguration;
			buildSettings = {
				ALWAYS_EMBED_SWIFT_STANDARD_LIBRARIES = YES;
				CODE_SIGN_STYLE = Automatic;
				CURRENT_PROJECT_VERSION = 1;
				GENERATE_INFOPLIST_FILE = YES;
				MARKETING_VERSION = 1.0;
				PRODUCT_BUNDLE_IDENTIFIER = "nwmsu.IHSAproject-iosteamUITests";
				PRODUCT_NAME = "$(TARGET_NAME)";
				SWIFT_EMIT_LOC_STRINGS = NO;
				SWIFT_VERSION = 5.0;
				TARGETED_DEVICE_FAMILY = "1,2";
				TEST_TARGET_NAME = "IHSAproject-iosteam";
			};
			name = Debug;
		};
		3FB3F0122980701B00DFC224 /* Release */ = {
			isa = XCBuildConfiguration;
			buildSettings = {
				ALWAYS_EMBED_SWIFT_STANDARD_LIBRARIES = YES;
				CODE_SIGN_STYLE = Automatic;
				CURRENT_PROJECT_VERSION = 1;
				GENERATE_INFOPLIST_FILE = YES;
				MARKETING_VERSION = 1.0;
				PRODUCT_BUNDLE_IDENTIFIER = "nwmsu.IHSAproject-iosteamUITests";
				PRODUCT_NAME = "$(TARGET_NAME)";
				SWIFT_EMIT_LOC_STRINGS = NO;
				SWIFT_VERSION = 5.0;
				TARGETED_DEVICE_FAMILY = "1,2";
				TEST_TARGET_NAME = "IHSAproject-iosteam";
			};
			name = Release;
		};
/* End XCBuildConfiguration section */

/* Begin XCConfigurationList section */
		3FB3EFDB2980701A00DFC224 /* Build configuration list for PBXProject "IHSAproject-iosteam" */ = {
			isa = XCConfigurationList;
			buildConfigurations = (
				3FB3F0082980701B00DFC224 /* Debug */,
				3FB3F0092980701B00DFC224 /* Release */,
			);
			defaultConfigurationIsVisible = 0;
			defaultConfigurationName = Release;
		};
		3FB3F00A2980701B00DFC224 /* Build configuration list for PBXNativeTarget "IHSAproject-iosteam" */ = {
			isa = XCConfigurationList;
			buildConfigurations = (
				3FB3F00B2980701B00DFC224 /* Debug */,
				3FB3F00C2980701B00DFC224 /* Release */,
			);
			defaultConfigurationIsVisible = 0;
			defaultConfigurationName = Release;
		};
		3FB3F00D2980701B00DFC224 /* Build configuration list for PBXNativeTarget "IHSAproject-iosteamTests" */ = {
			isa = XCConfigurationList;
			buildConfigurations = (
				3FB3F00E2980701B00DFC224 /* Debug */,
				3FB3F00F2980701B00DFC224 /* Release */,
			);
			defaultConfigurationIsVisible = 0;
			defaultConfigurationName = Release;
		};
		3FB3F0102980701B00DFC224 /* Build configuration list for PBXNativeTarget "IHSAproject-iosteamUITests" */ = {
			isa = XCConfigurationList;
			buildConfigurations = (
				3FB3F0112980701B00DFC224 /* Debug */,
				3FB3F0122980701B00DFC224 /* Release */,
			);
			defaultConfigurationIsVisible = 0;
			defaultConfigurationName = Release;
		};
/* End XCConfigurationList section */
	};
	rootObject = 3FB3EFD82980701A00DFC224 /* Project object */;
}
